
Microsoft Visual Studio Solution File, Format Version 12.00
# Visual Studio 15
VisualStudioVersion = 15.0.27130.2027
MinimumVisualStudioVersion = 10.0.40219.1
Project("{9A19103F-16F7-4668-BE54-9A1E7A4F7556}") = "AnyaTravel.DAL", "AnyaTravel.DAL\AnyaTravel.DAL.csproj", "{F3908522-E271-4BD4-BDFC-67E3DBDA6272}"
EndProject
Project("{9A19103F-16F7-4668-BE54-9A1E7A4F7556}") = "AnyaTravel.BLL", "AnyaTravel.BLL\AnyaTravel.BLL.csproj", "{B79B2651-8E14-4250-AA45-EB17C2F82183}"
EndProject
Project("{9A19103F-16F7-4668-BE54-9A1E7A4F7556}") = "AnyaTravel.API", "AnyaTravel.API\AnyaTravel.API.csproj", "{39510E1C-F3E7-42C0-8847-A64FA9D9D7CA}"
EndProject
Project("{FAE04EC0-301F-11D3-BF4B-00C04F79EFBC}") = "AnyaTravel.View", "AnyaTravel.View\AnyaTravel.View.csproj", "{D5A9282D-D89C-4AD1-AD2F-145444FF74AC}"
EndProject
Project("{FAE04EC0-301F-11D3-BF4B-00C04F79EFBC}") = "AnyaTravel.UnitTest", "AnyaTravel.UnitTest\AnyaTravel.UnitTest.csproj", "{CF42CB39-F3AD-4822-9F59-36E331A0F209}"
EndProject
Global
	GlobalSection(SolutionConfigurationPlatforms) = preSolution
		Debug|Any CPU = Debug|Any CPU
		Release|Any CPU = Release|Any CPU
	EndGlobalSection
	GlobalSection(ProjectConfigurationPlatforms) = postSolution
		{F3908522-E271-4BD4-BDFC-67E3DBDA6272}.Debug|Any CPU.ActiveCfg = Debug|Any CPU
		{F3908522-E271-4BD4-BDFC-67E3DBDA6272}.Debug|Any CPU.Build.0 = Debug|Any CPU
		{F3908522-E271-4BD4-BDFC-67E3DBDA6272}.Release|Any CPU.ActiveCfg = Release|Any CPU
		{F3908522-E271-4BD4-BDFC-67E3DBDA6272}.Release|Any CPU.Build.0 = Release|Any CPU
		{B79B2651-8E14-4250-AA45-EB17C2F82183}.Debug|Any CPU.ActiveCfg = Debug|Any CPU
		{B79B2651-8E14-4250-AA45-EB17C2F82183}.Debug|Any CPU.Build.0 = Debug|Any CPU
		{B79B2651-8E14-4250-AA45-EB17C2F82183}.Release|Any CPU.ActiveCfg = Release|Any CPU
		{B79B2651-8E14-4250-AA45-EB17C2F82183}.Release|Any CPU.Build.0 = Release|Any CPU
		{39510E1C-F3E7-42C0-8847-A64FA9D9D7CA}.Debug|Any CPU.ActiveCfg = Debug|Any CPU
		{39510E1C-F3E7-42C0-8847-A64FA9D9D7CA}.Debug|Any CPU.Build.0 = Debug|Any CPU
		{39510E1C-F3E7-42C0-8847-A64FA9D9D7CA}.Release|Any CPU.ActiveCfg = Release|Any CPU
		{39510E1C-F3E7-42C0-8847-A64FA9D9D7CA}.Release|Any CPU.Build.0 = Release|Any CPU
		{D5A9282D-D89C-4AD1-AD2F-145444FF74AC}.Debug|Any CPU.ActiveCfg = Debug|Any CPU
		{D5A9282D-D89C-4AD1-AD2F-145444FF74AC}.Debug|Any CPU.Build.0 = Debug|Any CPU
		{D5A9282D-D89C-4AD1-AD2F-145444FF74AC}.Release|Any CPU.ActiveCfg = Release|Any CPU
		{D5A9282D-D89C-4AD1-AD2F-145444FF74AC}.Release|Any CPU.Build.0 = Release|Any CPU
		{CF42CB39-F3AD-4822-9F59-36E331A0F209}.Debug|Any CPU.ActiveCfg = Debug|Any CPU
		{CF42CB39-F3AD-4822-9F59-36E331A0F209}.Debug|Any CPU.Build.0 = Debug|Any CPU
		{CF42CB39-F3AD-4822-9F59-36E331A0F209}.Release|Any CPU.ActiveCfg = Release|Any CPU
		{CF42CB39-F3AD-4822-9F59-36E331A0F209}.Release|Any CPU.Build.0 = Release|Any CPU
	EndGlobalSection
	GlobalSection(SolutionProperties) = preSolution
		HideSolutionNode = FALSE
	EndGlobalSection
	GlobalSection(ExtensibilityGlobals) = postSolution
		SolutionGuid = {6BA3377C-9297-4B44-AEF3-0F6F27E84C0A}
	EndGlobalSection
EndGlobal
